
Microsoft Visual Studio Solution File, Format Version 12.00
# Visual Studio Version 16
VisualStudioVersion = 16.0.29509.3
MinimumVisualStudioVersion = 10.0.40219.1
Project("{2150E333-8FDC-42A3-9474-1A3956D46DE8}") = "src", "src", "{D7CC51DB-9B81-4F8D-A93C-A243AB6E4243}"
EndProject
Project("{2150E333-8FDC-42A3-9474-1A3956D46DE8}") = "Catalog", "Catalog", "{EE44048E-417F-4FF3-B55F-9B42A8158099}"
EndProject
Project("{9A19103F-16F7-4668-BE54-9A1E7A4F7556}") = "Catalog.API", "src\Catalog\Catalog.API\Catalog.API.csproj", "{7B802954-AD2B-4CCF-85D5-E5B54DE5E421}"
EndProject
Project("{E53339B2-1760-4266-BCC7-CA923CBCF16C}") = "docker-compose", "docker-compose.dcproj", "{47E26BEE-F23B-4A87-8F21-D570F448956C}"
EndProject
Project("{2150E333-8FDC-42A3-9474-1A3956D46DE8}") = "Basket", "Basket", "{4C1F22ED-037B-4B47-B1C8-E99CDB7805E4}"
EndProject
Project("{9A19103F-16F7-4668-BE54-9A1E7A4F7556}") = "Basket.API", "src\Basket\Basket.API\Basket.API.csproj", "{43439C9F-723C-45FD-810E-D7071C386AED}"
EndProject
Project("{2150E333-8FDC-42A3-9474-1A3956D46DE8}") = "Common", "Common", "{DF9FA6B6-F16F-4C54-90D7-3D17241CC6F0}"
EndProject
Project("{FAE04EC0-301F-11D3-BF4B-00C04F79EFBC}") = "EventBusRabbitMQ", "src\Common\EventBusRabbitMQ\EventBusRabbitMQ.csproj", "{3C5E48DD-2B16-4DC9-A352-A15613A42C19}"
EndProject
Global
	GlobalSection(SolutionConfigurationPlatforms) = preSolution
		Debug|Any CPU = Debug|Any CPU
		Release|Any CPU = Release|Any CPU
	EndGlobalSection
	GlobalSection(ProjectConfigurationPlatforms) = postSolution
		{7B802954-AD2B-4CCF-85D5-E5B54DE5E421}.Debug|Any CPU.ActiveCfg = Debug|Any CPU
		{7B802954-AD2B-4CCF-85D5-E5B54DE5E421}.Debug|Any CPU.Build.0 = Debug|Any CPU
		{7B802954-AD2B-4CCF-85D5-E5B54DE5E421}.Release|Any CPU.ActiveCfg = Release|Any CPU
		{7B802954-AD2B-4CCF-85D5-E5B54DE5E421}.Release|Any CPU.Build.0 = Release|Any CPU
		{47E26BEE-F23B-4A87-8F21-D570F448956C}.Debug|Any CPU.ActiveCfg = Debug|Any CPU
		{47E26BEE-F23B-4A87-8F21-D570F448956C}.Debug|Any CPU.Build.0 = Debug|Any CPU
		{47E26BEE-F23B-4A87-8F21-D570F448956C}.Release|Any CPU.ActiveCfg = Release|Any CPU
		{47E26BEE-F23B-4A87-8F21-D570F448956C}.Release|Any CPU.Build.0 = Release|Any CPU
		{43439C9F-723C-45FD-810E-D7071C386AED}.Debug|Any CPU.ActiveCfg = Debug|Any CPU
		{43439C9F-723C-45FD-810E-D7071C386AED}.Debug|Any CPU.Build.0 = Debug|Any CPU
		{43439C9F-723C-45FD-810E-D7071C386AED}.Release|Any CPU.ActiveCfg = Release|Any CPU
		{43439C9F-723C-45FD-810E-D7071C386AED}.Release|Any CPU.Build.0 = Release|Any CPU
		{3C5E48DD-2B16-4DC9-A352-A15613A42C19}.Debug|Any CPU.ActiveCfg = Debug|Any CPU
		{3C5E48DD-2B16-4DC9-A352-A15613A42C19}.Debug|Any CPU.Build.0 = Debug|Any CPU
		{3C5E48DD-2B16-4DC9-A352-A15613A42C19}.Release|Any CPU.ActiveCfg = Release|Any CPU
		{3C5E48DD-2B16-4DC9-A352-A15613A42C19}.Release|Any CPU.Build.0 = Release|Any CPU
	EndGlobalSection
	GlobalSection(SolutionProperties) = preSolution
		HideSolutionNode = FALSE
	EndGlobalSection
	GlobalSection(NestedProjects) = preSolution
		{EE44048E-417F-4FF3-B55F-9B42A8158099} = {D7CC51DB-9B81-4F8D-A93C-A243AB6E4243}
		{7B802954-AD2B-4CCF-85D5-E5B54DE5E421} = {EE44048E-417F-4FF3-B55F-9B42A8158099}
		{4C1F22ED-037B-4B47-B1C8-E99CDB7805E4} = {D7CC51DB-9B81-4F8D-A93C-A243AB6E4243}
		{43439C9F-723C-45FD-810E-D7071C386AED} = {4C1F22ED-037B-4B47-B1C8-E99CDB7805E4}
		{DF9FA6B6-F16F-4C54-90D7-3D17241CC6F0} = {D7CC51DB-9B81-4F8D-A93C-A243AB6E4243}
		{3C5E48DD-2B16-4DC9-A352-A15613A42C19} = {DF9FA6B6-F16F-4C54-90D7-3D17241CC6F0}
	EndGlobalSection
	GlobalSection(ExtensibilityGlobals) = postSolution
		SolutionGuid = {B60519D0-EDCB-4875-ABB3-D2C9EC83BF29}
	EndGlobalSection
EndGlobal
